// !$*UTF8*$!
{
	archiveVersion = 1;
	classes = {
	};
	objectVersion = 46;
	objects = {

/* Begin PBXBuildFile section */
		250261871AE7482C006874C6 /* main.m in Sources */ = {isa = PBXBuildFile; fileRef = 250261861AE7482C006874C6 /* main.m */; };
		2502618A1AE7482C006874C6 /* AppDelegate.m in Sources */ = {isa = PBXBuildFile; fileRef = 250261891AE7482C006874C6 /* AppDelegate.m */; };
		2502618D1AE7482C006874C6 /* ViewController.m in Sources */ = {isa = PBXBuildFile; fileRef = 2502618C1AE7482C006874C6 /* ViewController.m */; };
		250261901AE7482C006874C6 /* Main.storyboard in Resources */ = {isa = PBXBuildFile; fileRef = 2502618E1AE7482C006874C6 /* Main.storyboard */; };
		250261921AE7482C006874C6 /* Images.xcassets in Resources */ = {isa = PBXBuildFile; fileRef = 250261911AE7482C006874C6 /* Images.xcassets */; };
		250261951AE7482C006874C6 /* LaunchScreen.xib in Resources */ = {isa = PBXBuildFile; fileRef = 250261931AE7482C006874C6 /* LaunchScreen.xib */; };
		250261A11AE7482D006874C6 /* LunchBabyTests.m in Sources */ = {isa = PBXBuildFile; fileRef = 250261A01AE7482D006874C6 /* LunchBabyTests.m */; };
/* End PBXBuildFile section */

/* Begin PBXContainerItemProxy section */
		2502619B1AE7482D006874C6 /* PBXContainerItemProxy */ = {
			isa = PBXContainerItemProxy;
			containerPortal = 250261791AE7482C006874C6 /* Project object */;
			proxyType = 1;
			remoteGlobalIDString = 250261801AE7482C006874C6;
			remoteInfo = LunchBaby;
		};
/* End PBXContainerItemProxy section */

/* Begin PBXFileReference section */
		250261811AE7482C006874C6 /* LunchBaby.app */ = {isa = PBXFileReference; explicitFileType = wrapper.application; includeInIndex = 0; path = LunchBaby.app; sourceTree = BUILT_PRODUCTS_DIR; };
		250261851AE7482C006874C6 /* Info.plist */ = {isa = PBXFileReference; lastKnownFileType = text.plist.xml; path = Info.plist; sourceTree = "<group>"; };
		250261861AE7482C006874C6 /* main.m */ = {isa = PBXFileReference; lastKnownFileType = sourcecode.c.objc; path = main.m; sourceTree = "<group>"; };
		250261881AE7482C006874C6 /* AppDelegate.h */ = {isa = PBXFileReference; lastKnownFileType = sourcecode.c.h; path = AppDelegate.h; sourceTree = "<group>"; };
		250261891AE7482C006874C6 /* AppDelegate.m */ = {isa = PBXFileReference; lastKnownFileType = sourcecode.c.objc; path = AppDelegate.m; sourceTree = "<group>"; };
		2502618B1AE7482C006874C6 /* ViewController.h */ = {isa = PBXFileReference; lastKnownFileType = sourcecode.c.h; path = ViewController.h; sourceTree = "<group>"; };
		2502618C1AE7482C006874C6 /* ViewController.m */ = {isa = PBXFileReference; lastKnownFileType = sourcecode.c.objc; path = ViewController.m; sourceTree = "<group>"; };
		2502618F1AE7482C006874C6 /* Base */ = {isa = PBXFileReference; lastKnownFileType = file.storyboard; name = Base; path = Base.lproj/Main.storyboard; sourceTree = "<group>"; };
		250261911AE7482C006874C6 /* Images.xcassets */ = {isa = PBXFileReference; lastKnownFileType = folder.assetcatalog; path = Images.xcassets; sourceTree = "<group>"; };
		250261941AE7482C006874C6 /* Base */ = {isa = PBXFileReference; lastKnownFileType = file.xib; name = Base; path = Base.lproj/LaunchScreen.xib; sourceTree = "<group>"; };
		2502619A1AE7482D006874C6 /* LunchBabyTests.xctest */ = {isa = PBXFileReference; explicitFileType = wrapper.cfbundle; includeInIndex = 0; path = LunchBabyTests.xctest; sourceTree = BUILT_PRODUCTS_DIR; };
		2502619F1AE7482D006874C6 /* Info.plist */ = {isa = PBXFileReference; lastKnownFileType = text.plist.xml; path = Info.plist; sourceTree = "<group>"; };
		250261A01AE7482D006874C6 /* LunchBabyTests.m */ = {isa = PBXFileReference; lastKnownFileType = sourcecode.c.objc; path = LunchBabyTests.m; sourceTree = "<group>"; };
/* End PBXFileReference section */

/* Begin PBXFrameworksBuildPhase section */
		2502617E1AE7482C006874C6 /* Frameworks */ = {
			isa = PBXFrameworksBuildPhase;
			buildActionMask = 2147483647;
			files = (
			);
			runOnlyForDeploymentPostprocessing = 0;
		};
		250261971AE7482D006874C6 /* Frameworks */ = {
			isa = PBXFrameworksBuildPhase;
			buildActionMask = 2147483647;
			files = (
			);
			runOnlyForDeploymentPostprocessing = 0;
		};
/* End PBXFrameworksBuildPhase section */

/* Begin PBXGroup section */
		250261781AE7482C006874C6 = {
			isa = PBXGroup;
			children = (
				250261831AE7482C006874C6 /* LunchBaby */,
				2502619D1AE7482D006874C6 /* LunchBabyTests */,
				250261821AE7482C006874C6 /* Products */,
			);
			sourceTree = "<group>";
		};
		250261821AE7482C006874C6 /* Products */ = {
			isa = PBXGroup;
			children = (
				250261811AE7482C006874C6 /* LunchBaby.app */,
				2502619A1AE7482D006874C6 /* LunchBabyTests.xctest */,
			);
			name = Products;
			sourceTree = "<group>";
		};
		250261831AE7482C006874C6 /* LunchBaby */ = {
			isa = PBXGroup;
			children = (
				250261881AE7482C006874C6 /* AppDelegate.h */,
				250261891AE7482C006874C6 /* AppDelegate.m */,
				2502618B1AE7482C006874C6 /* ViewController.h */,
				2502618C1AE7482C006874C6 /* ViewController.m */,
				2502618E1AE7482C006874C6 /* Main.storyboard */,
				250261911AE7482C006874C6 /* Images.xcassets */,
				250261931AE7482C006874C6 /* LaunchScreen.xib */,
				250261841AE7482C006874C6 /* Supporting Files */,
			);
			path = LunchBaby;
			sourceTree = "<group>";
		};
		250261841AE7482C006874C6 /* Supporting Files */ = {
			isa = PBXGroup;
			children = (
				250261851AE7482C006874C6 /* Info.plist */,
				250261861AE7482C006874C6 /* main.m */,
			);
			name = "Supporting Files";
			sourceTree = "<group>";
		};
		2502619D1AE7482D006874C6 /* LunchBabyTests */ = {
			isa = PBXGroup;
			children = (
				250261A01AE7482D006874C6 /* LunchBabyTests.m */,
				2502619E1AE7482D006874C6 /* Supporting Files */,
			);
			path = LunchBabyTests;
			sourceTree = "<group>";
		};
		2502619E1AE7482D006874C6 /* Supporting Files */ = {
			isa = PBXGroup;
			children = (
				2502619F1AE7482D006874C6 /* Info.plist */,
			);
			name = "Supporting Files";
			sourceTree = "<group>";
		};
/* End PBXGroup section */

/* Begin PBXNativeTarget section */
		250261801AE7482C006874C6 /* LunchBaby */ = {
			isa = PBXNativeTarget;
			buildConfigurationList = 250261A41AE7482D006874C6 /* Build configuration list for PBXNativeTarget "LunchBaby" */;
			buildPhases = (
				2502617D1AE7482C006874C6 /* Sources */,
				2502617E1AE7482C006874C6 /* Frameworks */,
				2502617F1AE7482C006874C6 /* Resources */,
			);
			buildRules = (
			);
			dependencies = (
			);
			name = LunchBaby;
			productName = LunchBaby;
			productReference = 250261811AE7482C006874C6 /* LunchBaby.app */;
			productType = "com.apple.product-type.application";
		};
		250261991AE7482D006874C6 /* LunchBabyTests */ = {
			isa = PBXNativeTarget;
			buildConfigurationList = 250261A71AE7482D006874C6 /* Build configuration list for PBXNativeTarget "LunchBabyTests" */;
			buildPhases = (
				250261961AE7482D006874C6 /* Sources */,
				250261971AE7482D006874C6 /* Frameworks */,
				250261981AE7482D006874C6 /* Resources */,
			);
			buildRules = (
			);
			dependencies = (
				2502619C1AE7482D006874C6 /* PBXTargetDependency */,
			);
			name = LunchBabyTests;
			productName = LunchBabyTests;
			productReference = 2502619A1AE7482D006874C6 /* LunchBabyTests.xctest */;
			productType = "com.apple.product-type.bundle.unit-test";
		};
/* End PBXNativeTarget section */

/* Begin PBXProject section */
		250261791AE7482C006874C6 /* Project object */ = {
			isa = PBXProject;
			attributes = {
				LastUpgradeCheck = 0630;
				ORGANIZATIONNAME = randy;
				TargetAttributes = {
					250261801AE7482C006874C6 = {
						CreatedOnToolsVersion = 6.3;
					};
					250261991AE7482D006874C6 = {
						CreatedOnToolsVersion = 6.3;
						TestTargetID = 250261801AE7482C006874C6;
					};
				};
			};
			buildConfigurationList = 2502617C1AE7482C006874C6 /* Build configuration list for PBXProject "LunchBaby" */;
			compatibilityVersion = "Xcode 3.2";
			developmentRegion = English;
			hasScannedForEncodings = 0;
			knownRegions = (
				en,
				Base,
			);
			mainGroup = 250261781AE7482C006874C6;
			productRefGroup = 250261821AE7482C006874C6 /* Products */;
			projectDirPath = "";
			projectRoot = "";
			targets = (
				250261801AE7482C006874C6 /* LunchBaby */,
				250261991AE7482D006874C6 /* LunchBabyTests */,
			);
		};
/* End PBXProject section */

/* Begin PBXResourcesBuildPhase section */
		2502617F1AE7482C006874C6 /* Resources */ = {
			isa = PBXResourcesBuildPhase;
			buildActionMask = 2147483647;
			files = (
				250261901AE7482C006874C6 /* Main.storyboard in Resources */,
				250261951AE7482C006874C6 /* LaunchScreen.xib in Resources */,
				250261921AE7482C006874C6 /* Images.xcassets in Resources */,
			);
			runOnlyForDeploymentPostprocessing = 0;
		};
		250261981AE7482D006874C6 /* Resources */ = {
			isa = PBXResourcesBuildPhase;
			buildActionMask = 2147483647;
			files = (
			);
			runOnlyForDeploymentPostprocessing = 0;
		};
/* End PBXResourcesBuildPhase section */

/* Begin PBXSourcesBuildPhase section */
		2502617D1AE7482C006874C6 /* Sources */ = {
			isa = PBXSourcesBuildPhase;
			buildActionMask = 2147483647;
			files = (
				2502618D1AE7482C006874C6 /* ViewController.m in Sources */,
				2502618A1AE7482C006874C6 /* AppDelegate.m in Sources */,
				250261871AE7482C006874C6 /* main.m in Sources */,
			);
			runOnlyForDeploymentPostprocessing = 0;
		};
		250261961AE7482D006874C6 /* Sources */ = {
			isa = PBXSourcesBuildPhase;
			buildActionMask = 2147483647;
			files = (
				250261A11AE7482D006874C6 /* LunchBabyTests.m in Sources */,
			);
			runOnlyForDeploymentPostprocessing = 0;
		};
/* End PBXSourcesBuildPhase section */

/* Begin PBXTargetDependency section */
		2502619C1AE7482D006874C6 /* PBXTargetDependency */ = {
			isa = PBXTargetDependency;
			target = 250261801AE7482C006874C6 /* LunchBaby */;
			targetProxy = 2502619B1AE7482D006874C6 /* PBXContainerItemProxy */;
		};
/* End PBXTargetDependency section */

/* Begin PBXVariantGroup section */
		2502618E1AE7482C006874C6 /* Main.storyboard */ = {
			isa = PBXVariantGroup;
			children = (
				2502618F1AE7482C006874C6 /* Base */,
			);
			name = Main.storyboard;
			sourceTree = "<group>";
		};
		250261931AE7482C006874C6 /* LaunchScreen.xib */ = {
			isa = PBXVariantGroup;
			children = (
				250261941AE7482C006874C6 /* Base */,
			);
			name = LaunchScreen.xib;
			sourceTree = "<group>";
		};
/* End PBXVariantGroup section */

/* Begin XCBuildConfiguration section */
		250261A21AE7482D006874C6 /* Debug */ = {
			isa = XCBuildConfiguration;
			buildSettings = {
				ALWAYS_SEARCH_USER_PATHS = NO;
				CLANG_CXX_LANGUAGE_STANDARD = "gnu++0x";
				CLANG_CXX_LIBRARY = "libc++";
				CLANG_ENABLE_MODULES = YES;
				CLANG_ENABLE_OBJC_ARC = YES;
				CLANG_WARN_BOOL_CONVERSION = YES;
				CLANG_WARN_CONSTANT_CONVERSION = YES;
				CLANG_WARN_DIRECT_OBJC_ISA_USAGE = YES_ERROR;
				CLANG_WARN_EMPTY_BODY = YES;
				CLANG_WARN_ENUM_CONVERSION = YES;
				CLANG_WARN_INT_CONVERSION = YES;
				CLANG_WARN_OBJC_ROOT_CLASS = YES_ERROR;
				CLANG_WARN_UNREACHABLE_CODE = YES;
				CLANG_WARN__DUPLICATE_METHOD_MATCH = YES;
				"CODE_SIGN_IDENTITY[sdk=iphoneos*]" = "iPhone Developer";
				COPY_PHASE_STRIP = NO;
				DEBUG_INFORMATION_FORMAT = "dwarf-with-dsym";
				ENABLE_STRICT_OBJC_MSGSEND = YES;
				GCC_C_LANGUAGE_STANDARD = gnu99;
				GCC_DYNAMIC_NO_PIC = NO;
				GCC_NO_COMMON_BLOCKS = YES;
				GCC_OPTIMIZATION_LEVEL = 0;
				GCC_PREPROCESSOR_DEFINITIONS = (
					"DEBUG=1",
					"$(inherited)",
				);
				GCC_SYMBOLS_PRIVATE_EXTERN = NO;
				GCC_WARN_64_TO_32_BIT_CONVERSION = YES;
				GCC_WARN_ABOUT_RETURN_TYPE = YES_ERROR;
				GCC_WARN_UNDECLARED_SELECTOR = YES;
				GCC_WARN_UNINITIALIZED_AUTOS = YES_AGGRESSIVE;
				GCC_WARN_UNUSED_FUNCTION = YES;
				GCC_WARN_UNUSED_VARIABLE = YES;
				IPHONEOS_DEPLOYMENT_TARGET = 8.3;
				MTL_ENABLE_DEBUG_INFO = YES;
				ONLY_ACTIVE_ARCH = YES;
				SDKROOT = iphoneos;
			};
			name = Debug;
		};
		250261A31AE7482D006874C6 /* Release */ = {
			isa = XCBuildConfiguration;
			buildSettings = {
				ALWAYS_SEARCH_USER_PATHS = NO;
				CLANG_CXX_LANGUAGE_STANDARD = "gnu++0x";
				CLANG_CXX_LIBRARY = "libc++";
				CLANG_ENABLE_MODULES = YES;
				CLANG_ENABLE_OBJC_ARC = YES;
				CLANG_WARN_BOOL_CONVERSION = YES;
				CLANG_WARN_CONSTANT_CONVERSION = YES;
				CLANG_WARN_DIRECT_OBJC_ISA_USAGE = YES_ERROR;
				CLANG_WARN_EMPTY_BODY = YES;
				CLANG_WARN_ENUM_CONVERSION = YES;
				CLANG_WARN_INT_CONVERSION = YES;
				CLANG_WARN_OBJC_ROOT_CLASS = YES_ERROR;
				CLANG_WARN_UNREACHABLE_CODE = YES;
				CLANG_WARN__DUPLICATE_METHOD_MATCH = YES;
				"CODE_SIGN_IDENTITY[sdk=iphoneos*]" = "iPhone Developer";
				COPY_PHASE_STRIP = NO;
				DEBUG_INFORMATION_FORMAT = "dwarf-with-dsym";
				ENABLE_NS_ASSERTIONS = NO;
				ENABLE_STRICT_OBJC_MSGSEND = YES;
				GCC_C_LANGUAGE_STANDARD = gnu99;
				GCC_NO_COMMON_BLOCKS = YES;
				GCC_WARN_64_TO_32_BIT_CONVERSION = YES;
				GCC_WARN_ABOUT_RETURN_TYPE = YES_ERROR;
				GCC_WARN_UNDECLARED_SELECTOR = YES;
				GCC_WARN_UNINITIALIZED_AUTOS = YES_AGGRESSIVE;
				GCC_WARN_UNUSED_FUNCTION = YES;
				GCC_WARN_UNUSED_VARIABLE = YES;
				IPHONEOS_DEPLOYMENT_TARGET = 8.3;
				MTL_ENABLE_DEBUG_INFO = NO;
				SDKROOT = iphoneos;
				VALIDATE_PRODUCT = YES;
			};
			name = Release;
		};
		250261A51AE7482D006874C6 /* Debug */ = {
			isa = XCBuildConfiguration;
			buildSettings = {
				ASSETCATALOG_COMPILER_APPICON_NAME = AppIcon;
				INFOPLIST_FILE = LunchBaby/Info.plist;
				LD_RUNPATH_SEARCH_PATHS = "$(inherited) @executable_path/Frameworks";
				PRODUCT_NAME = "$(TARGET_NAME)";
			};
			name = Debug;
		};
		250261A61AE7482D006874C6 /* Release */ = {
			isa = XCBuildConfiguration;
			buildSettings = {
				ASSETCATALOG_COMPILER_APPICON_NAME = AppIcon;
				INFOPLIST_FILE = LunchBaby/Info.plist;
				LD_RUNPATH_SEARCH_PATHS = "$(inherited) @executable_path/Frameworks";
				PRODUCT_NAME = "$(TARGET_NAME)";
			};
			name = Release;
		};
		250261A81AE7482D006874C6 /* Debug */ = {
			isa = XCBuildConfiguration;
			buildSettings = {
				BUNDLE_LOADER = "$(TEST_HOST)";
				FRAMEWORK_SEARCH_PATHS = (
					"$(SDKROOT)/Developer/Library/Frameworks",
					"$(inherited)",
				);
				GCC_PREPROCESSOR_DEFINITIONS = (
					"DEBUG=1",
					"$(inherited)",
				);
				INFOPLIST_FILE = LunchBabyTests/Info.plist;
				LD_RUNPATH_SEARCH_PATHS = "$(inherited) @executable_path/Frameworks @loader_path/Frameworks";
				PRODUCT_NAME = "$(TARGET_NAME)";
				TEST_HOST = "$(BUILT_PRODUCTS_DIR)/LunchBaby.app/LunchBaby";
			};
			name = Debug;
		};
		250261A91AE7482D006874C6 /* Release */ = {
			isa = XCBuildConfiguration;
			buildSettings = {
				BUNDLE_LOADER = "$(TEST_HOST)";
				FRAMEWORK_SEARCH_PATHS = (
					"$(SDKROOT)/Developer/Library/Frameworks",
					"$(inherited)",
				);
				INFOPLIST_FILE = LunchBabyTests/Info.plist;
				LD_RUNPATH_SEARCH_PATHS = "$(inherited) @executable_path/Frameworks @loader_path/Frameworks";
				PRODUCT_NAME = "$(TARGET_NAME)";
				TEST_HOST = "$(BUILT_PRODUCTS_DIR)/LunchBaby.app/LunchBaby";
			};
			name = Release;
		};
/* End XCBuildConfiguration section */

/* Begin XCConfigurationList section */
		2502617C1AE7482C006874C6 /* Build configuration list for PBXProject "LunchBaby" */ = {
			isa = XCConfigurationList;
			buildConfigurations = (
				250261A21AE7482D006874C6 /* Debug */,
				250261A31AE7482D006874C6 /* Release */,
			);
			defaultConfigurationIsVisible = 0;
			defaultConfigurationName = Release;
		};
		250261A41AE7482D006874C6 /* Build configuration list for PBXNativeTarget "LunchBaby" */ = {
			isa = XCConfigurationList;
			buildConfigurations = (
				250261A51AE7482D006874C6 /* Debug */,
				250261A61AE7482D006874C6 /* Release */,
			);
			defaultConfigurationIsVisible = 0;
		};
		250261A71AE7482D006874C6 /* Build configuration list for PBXNativeTarget "LunchBabyTests" */ = {
			isa = XCConfigurationList;
			buildConfigurations = (
				250261A81AE7482D006874C6 /* Debug */,
				250261A91AE7482D006874C6 /* Release */,
			);
			defaultConfigurationIsVisible = 0;
		};
/* End XCConfigurationList section */
	};
	rootObject = 250261791AE7482C006874C6 /* Project object */;
}
